
Microsoft Visual Studio Solution File, Format Version 12.00
# Visual Studio Version 16
VisualStudioVersion = 16.0.31205.134
MinimumVisualStudioVersion = 10.0.40219.1
Project("{FAE04EC0-301F-11D3-BF4B-00C04F79EFBC}") = "WcfServiceLibrary1", "WcfServiceLibrary1\WcfServiceLibrary1.csproj", "{71E0DBB0-2601-4826-87A1-84912FAEAF46}"
EndProject
Project("{FAE04EC0-301F-11D3-BF4B-00C04F79EFBC}") = "ConsoleApp1", "ConsoleApp1\ConsoleApp1.csproj", "{B148EA09-1516-4A22-A1AA-6665ADAC1867}"
EndProject
Project("{FAE04EC0-301F-11D3-BF4B-00C04F79EFBC}") = "ConsoleApp2", "ConsoleApp2\ConsoleApp2.csproj", "{74E79E92-FCAB-4D91-8547-89D5C23FC6ED}"
	ProjectSection(ProjectDependencies) = postProject
		{71E0DBB0-2601-4826-87A1-84912FAEAF46} = {71E0DBB0-2601-4826-87A1-84912FAEAF46}
	EndProjectSection
EndProject
Global
	GlobalSection(SolutionConfigurationPlatforms) = preSolution
		Debug|Any CPU = Debug|Any CPU
		Release|Any CPU = Release|Any CPU
	EndGlobalSection
	GlobalSection(ProjectConfigurationPlatforms) = postSolution
		{71E0DBB0-2601-4826-87A1-84912FAEAF46}.Debug|Any CPU.ActiveCfg = Debug|Any CPU
		{71E0DBB0-2601-4826-87A1-84912FAEAF46}.Debug|Any CPU.Build.0 = Debug|Any CPU
		{71E0DBB0-2601-4826-87A1-84912FAEAF46}.Release|Any CPU.ActiveCfg = Release|Any CPU
		{71E0DBB0-2601-4826-87A1-84912FAEAF46}.Release|Any CPU.Build.0 = Release|Any CPU
		{B148EA09-1516-4A22-A1AA-6665ADAC1867}.Debug|Any CPU.ActiveCfg = Debug|Any CPU
		{B148EA09-1516-4A22-A1AA-6665ADAC1867}.Debug|Any CPU.Build.0 = Debug|Any CPU
		{B148EA09-1516-4A22-A1AA-6665ADAC1867}.Release|Any CPU.ActiveCfg = Release|Any CPU
		{B148EA09-1516-4A22-A1AA-6665ADAC1867}.Release|Any CPU.Build.0 = Release|Any CPU
		{74E79E92-FCAB-4D91-8547-89D5C23FC6ED}.Debug|Any CPU.ActiveCfg = Debug|Any CPU
		{74E79E92-FCAB-4D91-8547-89D5C23FC6ED}.Debug|Any CPU.Build.0 = Debug|Any CPU
		{74E79E92-FCAB-4D91-8547-89D5C23FC6ED}.Release|Any CPU.ActiveCfg = Release|Any CPU
		{74E79E92-FCAB-4D91-8547-89D5C23FC6ED}.Release|Any CPU.Build.0 = Release|Any CPU
	EndGlobalSection
	GlobalSection(SolutionProperties) = preSolution
		HideSolutionNode = FALSE
	EndGlobalSection
	GlobalSection(ExtensibilityGlobals) = postSolution
		SolutionGuid = {9ACD6078-E634-4D09-816C-26CE3456224F}
	EndGlobalSection
EndGlobal
